
Microsoft Visual Studio Solution File, Format Version 12.00
# Visual Studio Version 17
VisualStudioVersion = 17.13.35931.197
MinimumVisualStudioVersion = 10.0.40219.1
Project("{FAE04EC0-301F-11D3-BF4B-00C04F79EFBC}") = "WpfBasicApp01", "WpfBasicApp01\WpfBasicApp01.csproj", "{981E50DF-930C-4095-AD41-5EA112614661}"
EndProject
Project("{FAE04EC0-301F-11D3-BF4B-00C04F79EFBC}") = "WpfBasicApp02", "WpfBasicApp02\WpfBasicApp02.csproj", "{66621F31-D6BE-430F-AF36-67B82D965F46}"
EndProject
Global
	GlobalSection(SolutionConfigurationPlatforms) = preSolution
		Debug|Any CPU = Debug|Any CPU
		Release|Any CPU = Release|Any CPU
	EndGlobalSection
	GlobalSection(ProjectConfigurationPlatforms) = postSolution
		{981E50DF-930C-4095-AD41-5EA112614661}.Debug|Any CPU.ActiveCfg = Debug|Any CPU
		{981E50DF-930C-4095-AD41-5EA112614661}.Debug|Any CPU.Build.0 = Debug|Any CPU
		{981E50DF-930C-4095-AD41-5EA112614661}.Release|Any CPU.ActiveCfg = Release|Any CPU
		{981E50DF-930C-4095-AD41-5EA112614661}.Release|Any CPU.Build.0 = Release|Any CPU
		{66621F31-D6BE-430F-AF36-67B82D965F46}.Debug|Any CPU.ActiveCfg = Debug|Any CPU
		{66621F31-D6BE-430F-AF36-67B82D965F46}.Debug|Any CPU.Build.0 = Debug|Any CPU
		{66621F31-D6BE-430F-AF36-67B82D965F46}.Release|Any CPU.ActiveCfg = Release|Any CPU
		{66621F31-D6BE-430F-AF36-67B82D965F46}.Release|Any CPU.Build.0 = Release|Any CPU
	EndGlobalSection
	GlobalSection(SolutionProperties) = preSolution
		HideSolutionNode = FALSE
	EndGlobalSection
	GlobalSection(ExtensibilityGlobals) = postSolution
		SolutionGuid = {35C1644F-67F9-47DD-B64A-E140E0D948EC}
	EndGlobalSection
EndGlobal
